
Microsoft Visual Studio Solution File, Format Version 12.00
# Visual Studio 2013
VisualStudioVersion = 12.0.21005.1
MinimumVisualStudioVersion = 10.0.40219.1
Project("{FAE04EC0-301F-11D3-BF4B-00C04F79EFBC}") = "LibJpegTurbo.Net", "LibJpegTurbo.Net\LibJpegTurbo.Net.csproj", "{8910B3B9-E5A5-454F-BBE5-B3B7C1DFDEBD}"
EndProject
Project("{8BC9CEB8-8B4A-11D0-8D11-00A0C91BC942}") = "TurboJpegHarness", "TurboJpegHarness\TurboJpegHarness.vcxproj", "{BD885568-EDBB-4C94-BAFA-B71B57BD8B09}"
EndProject
Project("{FAE04EC0-301F-11D3-BF4B-00C04F79EFBC}") = "LibJpegTurbo.Net.InteropTests", "LibJpegTurbo.Net.InteropTests\LibJpegTurbo.Net.InteropTests.csproj", "{2853B594-848A-4C98-B112-32A9B5D89030}"
EndProject
Global
	GlobalSection(SolutionConfigurationPlatforms) = preSolution
		Debug|Any CPU = Debug|Any CPU
		Debug|Mixed Platforms = Debug|Mixed Platforms
		Debug|Win32 = Debug|Win32
		Debug|x64 = Debug|x64
		Debug|x86 = Debug|x86
		Release|Any CPU = Release|Any CPU
		Release|Mixed Platforms = Release|Mixed Platforms
		Release|Win32 = Release|Win32
		Release|x64 = Release|x64
		Release|x86 = Release|x86
	EndGlobalSection
	GlobalSection(ProjectConfigurationPlatforms) = postSolution
		{8910B3B9-E5A5-454F-BBE5-B3B7C1DFDEBD}.Debug|Any CPU.ActiveCfg = Debug|Any CPU
		{8910B3B9-E5A5-454F-BBE5-B3B7C1DFDEBD}.Debug|Any CPU.Build.0 = Debug|Any CPU
		{8910B3B9-E5A5-454F-BBE5-B3B7C1DFDEBD}.Debug|Mixed Platforms.ActiveCfg = Debug|x86
		{8910B3B9-E5A5-454F-BBE5-B3B7C1DFDEBD}.Debug|Mixed Platforms.Build.0 = Debug|x86
		{8910B3B9-E5A5-454F-BBE5-B3B7C1DFDEBD}.Debug|Win32.ActiveCfg = Debug|Any CPU
		{8910B3B9-E5A5-454F-BBE5-B3B7C1DFDEBD}.Debug|Win32.Build.0 = Debug|Any CPU
		{8910B3B9-E5A5-454F-BBE5-B3B7C1DFDEBD}.Debug|x64.ActiveCfg = Debug|Any CPU
		{8910B3B9-E5A5-454F-BBE5-B3B7C1DFDEBD}.Debug|x64.Build.0 = Debug|Any CPU
		{8910B3B9-E5A5-454F-BBE5-B3B7C1DFDEBD}.Debug|x86.ActiveCfg = Debug|x86
		{8910B3B9-E5A5-454F-BBE5-B3B7C1DFDEBD}.Debug|x86.Build.0 = Debug|x86
		{8910B3B9-E5A5-454F-BBE5-B3B7C1DFDEBD}.Release|Any CPU.ActiveCfg = Release|Any CPU
		{8910B3B9-E5A5-454F-BBE5-B3B7C1DFDEBD}.Release|Any CPU.Build.0 = Release|Any CPU
		{8910B3B9-E5A5-454F-BBE5-B3B7C1DFDEBD}.Release|Mixed Platforms.ActiveCfg = Release|x86
		{8910B3B9-E5A5-454F-BBE5-B3B7C1DFDEBD}.Release|Mixed Platforms.Build.0 = Release|x86
		{8910B3B9-E5A5-454F-BBE5-B3B7C1DFDEBD}.Release|Win32.ActiveCfg = Release|Any CPU
		{8910B3B9-E5A5-454F-BBE5-B3B7C1DFDEBD}.Release|Win32.Build.0 = Release|Any CPU
		{8910B3B9-E5A5-454F-BBE5-B3B7C1DFDEBD}.Release|x64.ActiveCfg = Release|Any CPU
		{8910B3B9-E5A5-454F-BBE5-B3B7C1DFDEBD}.Release|x64.Build.0 = Release|Any CPU
		{8910B3B9-E5A5-454F-BBE5-B3B7C1DFDEBD}.Release|x86.ActiveCfg = Release|x86
		{8910B3B9-E5A5-454F-BBE5-B3B7C1DFDEBD}.Release|x86.Build.0 = Release|x86
		{BD885568-EDBB-4C94-BAFA-B71B57BD8B09}.Debug|Any CPU.ActiveCfg = Debug|Win32
		{BD885568-EDBB-4C94-BAFA-B71B57BD8B09}.Debug|Mixed Platforms.ActiveCfg = Debug|Win32
		{BD885568-EDBB-4C94-BAFA-B71B57BD8B09}.Debug|Mixed Platforms.Build.0 = Debug|Win32
		{BD885568-EDBB-4C94-BAFA-B71B57BD8B09}.Debug|Win32.ActiveCfg = Debug|Win32
		{BD885568-EDBB-4C94-BAFA-B71B57BD8B09}.Debug|Win32.Build.0 = Debug|Win32
		{BD885568-EDBB-4C94-BAFA-B71B57BD8B09}.Debug|x64.ActiveCfg = Debug|x64
		{BD885568-EDBB-4C94-BAFA-B71B57BD8B09}.Debug|x64.Build.0 = Debug|x64
		{BD885568-EDBB-4C94-BAFA-B71B57BD8B09}.Debug|x86.ActiveCfg = Debug|Win32
		{BD885568-EDBB-4C94-BAFA-B71B57BD8B09}.Debug|x86.Build.0 = Debug|Win32
		{BD885568-EDBB-4C94-BAFA-B71B57BD8B09}.Release|Any CPU.ActiveCfg = Release|Win32
		{BD885568-EDBB-4C94-BAFA-B71B57BD8B09}.Release|Mixed Platforms.ActiveCfg = Release|Win32
		{BD885568-EDBB-4C94-BAFA-B71B57BD8B09}.Release|Mixed Platforms.Build.0 = Release|Win32
		{BD885568-EDBB-4C94-BAFA-B71B57BD8B09}.Release|Win32.ActiveCfg = Release|Win32
		{BD885568-EDBB-4C94-BAFA-B71B57BD8B09}.Release|Win32.Build.0 = Release|Win32
		{BD885568-EDBB-4C94-BAFA-B71B57BD8B09}.Release|x64.ActiveCfg = Release|x64
		{BD885568-EDBB-4C94-BAFA-B71B57BD8B09}.Release|x64.Build.0 = Release|x64
		{BD885568-EDBB-4C94-BAFA-B71B57BD8B09}.Release|x86.ActiveCfg = Release|Win32
		{BD885568-EDBB-4C94-BAFA-B71B57BD8B09}.Release|x86.Build.0 = Release|Win32
		{2853B594-848A-4C98-B112-32A9B5D89030}.Debug|Any CPU.ActiveCfg = Debug|Any CPU
		{2853B594-848A-4C98-B112-32A9B5D89030}.Debug|Any CPU.Build.0 = Debug|Any CPU
		{2853B594-848A-4C98-B112-32A9B5D89030}.Debug|Mixed Platforms.ActiveCfg = Debug|x86
		{2853B594-848A-4C98-B112-32A9B5D89030}.Debug|Mixed Platforms.Build.0 = Debug|x86
		{2853B594-848A-4C98-B112-32A9B5D89030}.Debug|Win32.ActiveCfg = Debug|x86
		{2853B594-848A-4C98-B112-32A9B5D89030}.Debug|Win32.Build.0 = Debug|x86
		{2853B594-848A-4C98-B112-32A9B5D89030}.Debug|x64.ActiveCfg = Debug|x64
		{2853B594-848A-4C98-B112-32A9B5D89030}.Debug|x64.Build.0 = Debug|x64
		{2853B594-848A-4C98-B112-32A9B5D89030}.Debug|x86.ActiveCfg = Debug|x86
		{2853B594-848A-4C98-B112-32A9B5D89030}.Debug|x86.Build.0 = Debug|x86
		{2853B594-848A-4C98-B112-32A9B5D89030}.Release|Any CPU.ActiveCfg = Release|Any CPU
		{2853B594-848A-4C98-B112-32A9B5D89030}.Release|Any CPU.Build.0 = Release|Any CPU
		{2853B594-848A-4C98-B112-32A9B5D89030}.Release|Mixed Platforms.ActiveCfg = Release|x86
		{2853B594-848A-4C98-B112-32A9B5D89030}.Release|Mixed Platforms.Build.0 = Release|x86
		{2853B594-848A-4C98-B112-32A9B5D89030}.Release|Win32.ActiveCfg = Release|x86
		{2853B594-848A-4C98-B112-32A9B5D89030}.Release|Win32.Build.0 = Release|x86
		{2853B594-848A-4C98-B112-32A9B5D89030}.Release|x64.ActiveCfg = Release|x64
		{2853B594-848A-4C98-B112-32A9B5D89030}.Release|x64.Build.0 = Release|x64
		{2853B594-848A-4C98-B112-32A9B5D89030}.Release|x86.ActiveCfg = Release|x86
		{2853B594-848A-4C98-B112-32A9B5D89030}.Release|x86.Build.0 = Release|x86
	EndGlobalSection
	GlobalSection(SolutionProperties) = preSolution
		HideSolutionNode = FALSE
	EndGlobalSection
EndGlobal
